{
    "_meta": {
        "hash": {
            "sha256": "2b641c377849bff15523e5bdbb7674c1ed53dcb2ba93aead8b8d1761dbcb5ea7"
        },
        "pipfile-spec": 6,
        "requires": {
            "python_version": "3.14"
        },
        "sources": [
            {
                "name": "pypi",
                "url": "https://pypi.org/simple",
                "verify_ssl": true
            }
        ]
    },
    "default": {
        "certifi": {
            "hashes": [
                "sha256:3cb2210c8f88ba2318d29b0388d1023c8492ff72ecdde4ebdaddbb13a31b1c4a",
                "sha256:8d455352a37b71bf76a79caa83a3d6c25afee4a385d632127b6afb3963f1c580"
            ],
            "index": "pypi",
            "markers": "python_version >= '3.7'",
            "version": "==2026.4.22"
        },
        "distlib": {
            "hashes": [
                "sha256:9659f7d87e46584a30b5780e43ac7a2143098441670ff0a49d5f9034c54a6c16",
                "sha256:feec40075be03a04501a973d81f633735b4b69f98b05450592310c0f401a4e0d"
            ],
            "index": "pypi",
            "version": "==0.4.0"
        },
        "filelock": {
            "hashes": [
                "sha256:69974355e960702e789734cb4871f884ea6fe50bd8404051a3530bc07809cf90",
                "sha256:96f5f6344709aa1572bbf631c640e4ebeeb519e08da902c39a001882f30ac258"
            ],
            "index": "pypi",
            "markers": "python_version >= '3.10'",
            "version": "==3.29.0"
        },
        "gunicorn": {
            "hashes": [
                "sha256:40233d26a5f0d1872916188c276e21641155111c2853f0c2cd55260aec0d24fc",
                "sha256:ca9346f85e3a4aeeb64d491045c16b9a35647abd37ea15efe53080eb8b090baf"
            ],
            "index": "pypi",
            "markers": "python_version >= '3.10'",
            "version": "==26.0.0"
        },
        "packaging": {
            "hashes": [
                "sha256:5fc45236b9446107ff2415ce77c807cee2862cb6fac22b8a73826d0693b0980e",
                "sha256:ff452ff5a3e828ce110190feff1178bb1f2ea2281fa2075aadb987c2fb221661"
            ],
            "index": "pypi",
            "markers": "python_version >= '3.8'",
            "version": "==26.2"
        },
        "pipenv": {
            "hashes": [
                "sha256:2b68298377fd141db42ddd55e38c188c846651aa6e17ac6b75ba9f1fb4c3bc9d",
                "sha256:3002ef8938a5e4e9d4fdda7906e7317971c4f488454b6f6094d7ae5f3c94e55e"
            ],
            "index": "pypi",
            "markers": "python_version >= '3.10'",
            "version": "==2026.6.1"
        },
        "platformdirs": {
            "hashes": [
                "sha256:3bfa75b0ad0db84096ae777218481852c0ebc6c727b3168c1b9e0118e458cf0a",
                "sha256:e61adb1d5e5cb3441b4b7710bea7e4c12250ca49439228cc1021c00dcfac0917"
            ],
            "index": "pypi",
            "markers": "python_version >= '3.10'",
            "version": "==4.9.6"
        },
        "python-discovery": {
            "hashes": [
                "sha256:62f6db28064c9613e7ca76cb3f00c38c839a07c31c00dfe7ed0986493d2150a6",
                "sha256:ed188687ebb3b82c01a17cd5ac62fc94d9f6487a7f1a0f9dfe89753fec91039c"
            ],
            "index": "pypi",
            "markers": "python_version >= '3.8'",
            "version": "==1.3.1"
        },
        "setuptools": {
            "hashes": [
                "sha256:025bccbbf0fa05b6192bc64ae1e7b16e001fd6d6d4d5de03c97b1c1ade523bef",
                "sha256:29b23c360f22f414dc7336bb39178cc7bcbf6021ed2733cde173f09dba19abb3"
            ],
            "markers": "python_version >= '3.10'",
            "version": "==83.0.0"
        },
        "virtualenv": {
            "hashes": [
                "sha256:7d5987d8369e098e41406efb780a3d4ca79280097293899e351a6407ee153ab3",
                "sha256:f5bda277e553b1c2b3c1a8debfc30496e1288cc93ce6b7b71b3280047e317328"
            ],
            "index": "pypi",
            "markers": "python_version >= '3.8'",
            "version": "==21.3.3"
        }
    },
    "develop": {}
}
